
Microsoft Visual Studio Solution File, Format Version 12.00
# Visual Studio Version 16
VisualStudioVersion = 16.0.30503.244
MinimumVisualStudioVersion = 10.0.40219.1
Project("{FAE04EC0-301F-11D3-BF4B-00C04F79EFBC}") = "OU.CMS.Common", "OU.CMS.Common\OU.CMS.Common.csproj", "{DE1A0AAB-EC3E-423A-8D00-3A243222DBA8}"
EndProject
Project("{FAE04EC0-301F-11D3-BF4B-00C04F79EFBC}") = "OU.CMS.Models", "OU.CMS.Models\OU.CMS.Models.csproj", "{0A0E405D-639C-4E1D-9125-DC0E9EF5907E}"
EndProject
Project("{FAE04EC0-301F-11D3-BF4B-00C04F79EFBC}") = "OU.CMS.Domain", "OU.CMS.Domain\OU.CMS.Domain.csproj", "{F0BE7740-83D2-4AA9-9030-936277F29853}"
EndProject
Project("{FAE04EC0-301F-11D3-BF4B-00C04F79EFBC}") = "OU.CMS.Core", "OU.CMS.Core\OU.CMS.Core.csproj", "{6BAB6ACF-885F-4897-BD15-6C7B3DE0AE95}"
EndProject
Project("{FAE04EC0-301F-11D3-BF4B-00C04F79EFBC}") = "OU.CMS.Web.API", "OU.CMS.Web.API\OU.CMS.Web.API.csproj", "{F64956D6-26C7-415F-BFD2-01DCBCF0D93D}"
EndProject
Project("{FAE04EC0-301F-11D3-BF4B-00C04F79EFBC}") = "OU.Utility", "OU.Utility\OU.Utility.csproj", "{D1B49FDB-6ACC-4DA4-8364-ABBA596DC3D0}"
EndProject
Global
	GlobalSection(SolutionConfigurationPlatforms) = preSolution
		Debug|Any CPU = Debug|Any CPU
		Release|Any CPU = Release|Any CPU
	EndGlobalSection
	GlobalSection(ProjectConfigurationPlatforms) = postSolution
		{DE1A0AAB-EC3E-423A-8D00-3A243222DBA8}.Debug|Any CPU.ActiveCfg = Debug|Any CPU
		{DE1A0AAB-EC3E-423A-8D00-3A243222DBA8}.Debug|Any CPU.Build.0 = Debug|Any CPU
		{DE1A0AAB-EC3E-423A-8D00-3A243222DBA8}.Release|Any CPU.ActiveCfg = Release|Any CPU
		{DE1A0AAB-EC3E-423A-8D00-3A243222DBA8}.Release|Any CPU.Build.0 = Release|Any CPU
		{0A0E405D-639C-4E1D-9125-DC0E9EF5907E}.Debug|Any CPU.ActiveCfg = Debug|Any CPU
		{0A0E405D-639C-4E1D-9125-DC0E9EF5907E}.Debug|Any CPU.Build.0 = Debug|Any CPU
		{0A0E405D-639C-4E1D-9125-DC0E9EF5907E}.Release|Any CPU.ActiveCfg = Release|Any CPU
		{0A0E405D-639C-4E1D-9125-DC0E9EF5907E}.Release|Any CPU.Build.0 = Release|Any CPU
		{F0BE7740-83D2-4AA9-9030-936277F29853}.Debug|Any CPU.ActiveCfg = Debug|Any CPU
		{F0BE7740-83D2-4AA9-9030-936277F29853}.Debug|Any CPU.Build.0 = Debug|Any CPU
		{F0BE7740-83D2-4AA9-9030-936277F29853}.Release|Any CPU.ActiveCfg = Release|Any CPU
		{F0BE7740-83D2-4AA9-9030-936277F29853}.Release|Any CPU.Build.0 = Release|Any CPU
		{6BAB6ACF-885F-4897-BD15-6C7B3DE0AE95}.Debug|Any CPU.ActiveCfg = Debug|Any CPU
		{6BAB6ACF-885F-4897-BD15-6C7B3DE0AE95}.Debug|Any CPU.Build.0 = Debug|Any CPU
		{6BAB6ACF-885F-4897-BD15-6C7B3DE0AE95}.Release|Any CPU.ActiveCfg = Release|Any CPU
		{6BAB6ACF-885F-4897-BD15-6C7B3DE0AE95}.Release|Any CPU.Build.0 = Release|Any CPU
		{F64956D6-26C7-415F-BFD2-01DCBCF0D93D}.Debug|Any CPU.ActiveCfg = Debug|Any CPU
		{F64956D6-26C7-415F-BFD2-01DCBCF0D93D}.Debug|Any CPU.Build.0 = Debug|Any CPU
		{F64956D6-26C7-415F-BFD2-01DCBCF0D93D}.Release|Any CPU.ActiveCfg = Release|Any CPU
		{F64956D6-26C7-415F-BFD2-01DCBCF0D93D}.Release|Any CPU.Build.0 = Release|Any CPU
		{D1B49FDB-6ACC-4DA4-8364-ABBA596DC3D0}.Debug|Any CPU.ActiveCfg = Debug|Any CPU
		{D1B49FDB-6ACC-4DA4-8364-ABBA596DC3D0}.Debug|Any CPU.Build.0 = Debug|Any CPU
		{D1B49FDB-6ACC-4DA4-8364-ABBA596DC3D0}.Release|Any CPU.ActiveCfg = Release|Any CPU
		{D1B49FDB-6ACC-4DA4-8364-ABBA596DC3D0}.Release|Any CPU.Build.0 = Release|Any CPU
	EndGlobalSection
	GlobalSection(SolutionProperties) = preSolution
		HideSolutionNode = FALSE
	EndGlobalSection
	GlobalSection(ExtensibilityGlobals) = postSolution
		SolutionGuid = {0A4EFE49-D2E2-4D3D-B6D7-EBD534DB482A}
	EndGlobalSection
EndGlobal
